
Microsoft Visual Studio Solution File, Format Version 12.00
# Visual Studio Version 16
VisualStudioVersion = 16.0.34301.259
MinimumVisualStudioVersion = 10.0.40219.1
Project("{2150E333-8FDC-42A3-9474-1A3956D46DE8}") = "Task0", "Task0", "{B98AF4E1-E602-4024-A951-C7D1BA0E10B0}"
EndProject
Project("{FAE04EC0-301F-11D3-BF4B-00C04F79EFBC}") = "Tyuiu.BardievaGA.Sprint1.Task0.V19", "Tyuiu.BardievaGA.Sprint1.Task0.V19\Tyuiu.BardievaGA.Sprint1.Task0.V19.csproj", "{382CBECC-543F-4A0A-B090-19CFA238B861}"
EndProject
Project("{FAE04EC0-301F-11D3-BF4B-00C04F79EFBC}") = "Tyuiu.BardievaGA.Sprint1.Task0.V19.Lib", "Tyuiu.BardievaGA.Sprint1.Task0.V19.Lib\Tyuiu.BardievaGA.Sprint1.Task0.V19.Lib.csproj", "{E6B04141-7134-470D-9FA1-459A9BDB14D4}"
EndProject
Project("{FAE04EC0-301F-11D3-BF4B-00C04F79EFBC}") = "Tyuiu.BardievaGA.Sprint1.Task0.V19.Test", "Tyuiu.BardievaGA.Sprint1.Task0.V19.Test\Tyuiu.BardievaGA.Sprint1.Task0.V19.Test.csproj", "{35AB3203-71F5-4556-8DE1-663B7F6A69F1}"
EndProject
Project("{2150E333-8FDC-42A3-9474-1A3956D46DE8}") = "Task1", "Task1", "{C19FA734-A437-44AF-9C38-6CB8581308AE}"
EndProject
Project("{FAE04EC0-301F-11D3-BF4B-00C04F79EFBC}") = "Tyuiu.BardievaGA.Sprint1.Task1.V7", "Tyuiu.BardievaGA.Sprint1.Task1.V7\Tyuiu.BardievaGA.Sprint1.Task1.V7.csproj", "{B1E39DD1-7F4E-42D2-A39B-E8F391387C3E}"
EndProject
Project("{FAE04EC0-301F-11D3-BF4B-00C04F79EFBC}") = "Tyuiu.BardievaGA.Sprint1.Task1.V7.Lib", "Tyuiu.BardievaGA.Sprint1.Task1.V7.Lib\Tyuiu.BardievaGA.Sprint1.Task1.V7.Lib.csproj", "{C7215F69-7A79-4A94-8E40-7C524A4B6599}"
EndProject
Project("{FAE04EC0-301F-11D3-BF4B-00C04F79EFBC}") = "Tyuiu.BardievaGA.Sprint1.Task1.V7.Test", "Tyuiu.BardievaGA.Sprint1.Task1.V7.Test\Tyuiu.BardievaGA.Sprint1.Task1.V7.Test.csproj", "{D15F4C1D-5201-45F7-AD8F-CF00BB8BBE56}"
EndProject
Project("{2150E333-8FDC-42A3-9474-1A3956D46DE8}") = "Task2", "Task2", "{B997B088-2A5C-4B06-9D0E-E447F0493D37}"
EndProject
Project("{FAE04EC0-301F-11D3-BF4B-00C04F79EFBC}") = "Tyuiu.BardievaGA.Sprint1.Task2.V16", "Tyuiu.BardievaGA.Sprint1.Task2.V16\Tyuiu.BardievaGA.Sprint1.Task2.V16.csproj", "{46EB5DFA-0F37-4F27-AD3A-002802DE0C34}"
EndProject
Project("{FAE04EC0-301F-11D3-BF4B-00C04F79EFBC}") = "Tyuiu.BardievaGA.Sprint1.Task2.V16.Lib", "Tyuiu.BardievaGA.Sprint1.Task2.V16.Lib\Tyuiu.BardievaGA.Sprint1.Task2.V16.Lib.csproj", "{981B1FBA-6CA8-4EE5-AC31-57FE5BF0FD8F}"
EndProject
Project("{FAE04EC0-301F-11D3-BF4B-00C04F79EFBC}") = "Tyuiu.BardievaGA.Sprint1.Task2.V16.Test", "Tyuiu.BardievaGA.Sprint1.Task2.V16.Test\Tyuiu.BardievaGA.Sprint1.Task2.V16.Test.csproj", "{4DF8231B-3880-499A-898D-BC69CC70FCD2}"
EndProject
Project("{2150E333-8FDC-42A3-9474-1A3956D46DE8}") = "Task3", "Task3", "{995D7396-2FD6-49C2-AE3C-46286C80C91E}"
EndProject
Project("{FAE04EC0-301F-11D3-BF4B-00C04F79EFBC}") = "Tyuiu.BardievaGA.Sprint1.Task3.V10", "Tyuiu.BardievaGA.Sprint1.Task3.V10\Tyuiu.BardievaGA.Sprint1.Task3.V10.csproj", "{526CF00A-5C7D-4C41-86DB-840FFA99E8F3}"
EndProject
Project("{FAE04EC0-301F-11D3-BF4B-00C04F79EFBC}") = "Tyuiu.BardievaGA.Sprint1.Task3.V10.Lib", "Tyuiu.BardievaGA.Sprint1.Task3.V10.Lib\Tyuiu.BardievaGA.Sprint1.Task3.V10.Lib.csproj", "{14642BFB-52D3-43C6-9C24-905C92770D71}"
EndProject
Project("{FAE04EC0-301F-11D3-BF4B-00C04F79EFBC}") = "Tyuiu.BardievaGA.Sprint1.Task3.V10.Test", "Tyuiu.BardievaGA.Sprint1.Task3.V10.Test\Tyuiu.BardievaGA.Sprint1.Task3.V10.Test.csproj", "{B573A317-8C93-490C-AB87-78F09720DC9F}"
EndProject
Project("{2150E333-8FDC-42A3-9474-1A3956D46DE8}") = "Task4", "Task4", "{BBD4BDA8-60B0-4B85-A351-BBC976EE72D3}"
EndProject
Project("{FAE04EC0-301F-11D3-BF4B-00C04F79EFBC}") = "Tyuiu.BardievaGA.Sprint1.Task4.V9", "Tyuiu.BardievaGA.Sprint1.Task4.V9\Tyuiu.BardievaGA.Sprint1.Task4.V9.csproj", "{D78F20DB-25F2-4629-8AF2-83E90F71B325}"
EndProject
Project("{FAE04EC0-301F-11D3-BF4B-00C04F79EFBC}") = "Tyuiu.BardievaGA.Sprint1.Task4.V9.Lib", "Tyuiu.BardievaGA.Sprint1.Task4.V9.Lib\Tyuiu.BardievaGA.Sprint1.Task4.V9.Lib.csproj", "{4C98E007-7705-4BDB-8E3C-A12C07998511}"
EndProject
Project("{FAE04EC0-301F-11D3-BF4B-00C04F79EFBC}") = "Tyuiu.BardievaGA.Sprint1.Task4.V9.Test", "Tyuiu.BardievaGA.Sprint1.Task4.V9.Test\Tyuiu.BardievaGA.Sprint1.Task4.V9.Test.csproj", "{5BED7E95-D3D3-4ADF-9F0D-5F5AA1A4D33E}"
EndProject
Project("{2150E333-8FDC-42A3-9474-1A3956D46DE8}") = "Task5", "Task5", "{C3928BB4-783F-4120-B1F4-08C9DC8A27BE}"
EndProject
Project("{FAE04EC0-301F-11D3-BF4B-00C04F79EFBC}") = "Tyuiu.BardievaGA.Sprint1.Task5.V6", "Tyuiu.BardievaGA.Sprint1.Task5.V6\Tyuiu.BardievaGA.Sprint1.Task5.V6.csproj", "{683D22D9-E22A-4137-9D47-2BD0A371AAF8}"
EndProject
Project("{FAE04EC0-301F-11D3-BF4B-00C04F79EFBC}") = "Tyuiu.BardievaGA.Sprint1.Task5.V6.Lib", "Tyuiu.BardievaGA.Sprint1.Task5.V6.Lib\Tyuiu.BardievaGA.Sprint1.Task5.V6.Lib.csproj", "{4F5EDB16-E35D-46EA-97C1-FE69D403DEAD}"
EndProject
Project("{FAE04EC0-301F-11D3-BF4B-00C04F79EFBC}") = "Tyuiu.BardievaGA.Sprint1.Task5.V6.Test", "Tyuiu.BardievaGA.Sprint1.Task5.V6.Test\Tyuiu.BardievaGA.Sprint1.Task5.V6.Test.csproj", "{5DF9178D-2B3F-463C-B2C6-EB8EAC60F4A9}"
EndProject
Project("{2150E333-8FDC-42A3-9474-1A3956D46DE8}") = "Task6", "Task6", "{21BA9571-5539-4014-91C0-C3EFA097FD35}"
EndProject
Project("{FAE04EC0-301F-11D3-BF4B-00C04F79EFBC}") = "Tyuiu.BardievaGA.Sprint1.Task6.V15", "Tyuiu.BardievaGA.Sprint1.Task6.V15\Tyuiu.BardievaGA.Sprint1.Task6.V15.csproj", "{169CE672-BC31-4BB9-A0D1-A5B8E6FB3A99}"
EndProject
Project("{FAE04EC0-301F-11D3-BF4B-00C04F79EFBC}") = "Tyuiu.BardievaGA.Sprint1.Task6.V15.Lib", "Tyuiu.BardievaGA.Sprint1.Task6.V15.Lib\Tyuiu.BardievaGA.Sprint1.Task6.V15.Lib.csproj", "{85D2C2E4-83B2-44B9-85F0-288B33FD9995}"
EndProject
Project("{FAE04EC0-301F-11D3-BF4B-00C04F79EFBC}") = "Tyuiu.BardievaGA.Sprint1.Task6.V15.Test", "Tyuiu.BardievaGA.Sprint1.Task6.V15.Test\Tyuiu.BardievaGA.Sprint1.Task6.V15.Test.csproj", "{2617E98E-A8AD-43E5-9B55-8AB1AE9613F3}"
EndProject
Project("{2150E333-8FDC-42A3-9474-1A3956D46DE8}") = "Task7", "Task7", "{61518A73-AC30-4F56-8A14-D7D3E3A5016B}"
EndProject
Project("{FAE04EC0-301F-11D3-BF4B-00C04F79EFBC}") = "Tyuiu.BardievaGA.Sprint1.Task7.V11.Lib", "Tyuiu.BardievaGA.Sprint1.Task7.V11.Lib\Tyuiu.BardievaGA.Sprint1.Task7.V11.Lib.csproj", "{460AF544-F9DB-429C-975B-BA9767173201}"
EndProject
Project("{FAE04EC0-301F-11D3-BF4B-00C04F79EFBC}") = "Tyuiu.BardievaGA.Sprint1.Task7.V11.Test", "Tyuiu.BardievaGA.Sprint1.Task7.V11.Test\Tyuiu.BardievaGA.Sprint1.Task7.V11.Test.csproj", "{940010BC-03BD-47E0-9A56-96EFEB73F289}"
EndProject
Project("{FAE04EC0-301F-11D3-BF4B-00C04F79EFBC}") = "Tyuiu.BardievaGA.Sprint1.Task7.V11", "Tyuiu.BardievaGA.Sprint1.Task7.V11\Tyuiu.BardievaGA.Sprint1.Task7.V11.csproj", "{F2370AED-A783-4523-AB7B-AA79FF2DE679}"
EndProject
Project("{2150E333-8FDC-42A3-9474-1A3956D46DE8}") = "Review", "Review", "{7CA7281C-0A1C-443E-9884-1616DCA13604}"
EndProject
Project("{FAE04EC0-301F-11D3-BF4B-00C04F79EFBC}") = "Tyuiu.BardievaGA.Sprint1.TaskReview.V4", "Tyuiu.BardievaGA.Sprint1.TaskReview.V4\Tyuiu.BardievaGA.Sprint1.TaskReview.V4.csproj", "{3292E473-6ECE-4971-A8EE-3F95BA3BAC0C}"
EndProject
Project("{FAE04EC0-301F-11D3-BF4B-00C04F79EFBC}") = "Tyuiu.BardievaGA.Sprint1.TaskReview.V4.Lib", "Tyuiu.BardievaGA.Sprint1.TaskReview.V4.Lib\Tyuiu.BardievaGA.Sprint1.TaskReview.V4.Lib.csproj", "{61DE700D-2DF0-4E99-8D30-0F3614DA4F74}"
EndProject
Project("{FAE04EC0-301F-11D3-BF4B-00C04F79EFBC}") = "Tyuiu.BardievaGA.Sprint1.TaskReview.V4.Test", "Tyuiu.BardievaGA.Sprint1.TaskReview.V4.Test\Tyuiu.BardievaGA.Sprint1.TaskReview.V4.Test.csproj", "{B2416A5B-BC33-4725-839E-D946AED02D77}"
EndProject
Global
	GlobalSection(SolutionConfigurationPlatforms) = preSolution
		Debug|Any CPU = Debug|Any CPU
		Release|Any CPU = Release|Any CPU
	EndGlobalSection
	GlobalSection(ProjectConfigurationPlatforms) = postSolution
		{382CBECC-543F-4A0A-B090-19CFA238B861}.Debug|Any CPU.ActiveCfg = Debug|Any CPU
		{382CBECC-543F-4A0A-B090-19CFA238B861}.Debug|Any CPU.Build.0 = Debug|Any CPU
		{382CBECC-543F-4A0A-B090-19CFA238B861}.Release|Any CPU.ActiveCfg = Release|Any CPU
		{382CBECC-543F-4A0A-B090-19CFA238B861}.Release|Any CPU.Build.0 = Release|Any CPU
		{E6B04141-7134-470D-9FA1-459A9BDB14D4}.Debug|Any CPU.ActiveCfg = Debug|Any CPU
		{E6B04141-7134-470D-9FA1-459A9BDB14D4}.Debug|Any CPU.Build.0 = Debug|Any CPU
		{E6B04141-7134-470D-9FA1-459A9BDB14D4}.Release|Any CPU.ActiveCfg = Release|Any CPU
		{E6B04141-7134-470D-9FA1-459A9BDB14D4}.Release|Any CPU.Build.0 = Release|Any CPU
		{35AB3203-71F5-4556-8DE1-663B7F6A69F1}.Debug|Any CPU.ActiveCfg = Debug|Any CPU
		{35AB3203-71F5-4556-8DE1-663B7F6A69F1}.Debug|Any CPU.Build.0 = Debug|Any CPU
		{35AB3203-71F5-4556-8DE1-663B7F6A69F1}.Release|Any CPU.ActiveCfg = Release|Any CPU
		{35AB3203-71F5-4556-8DE1-663B7F6A69F1}.Release|Any CPU.Build.0 = Release|Any CPU
		{B1E39DD1-7F4E-42D2-A39B-E8F391387C3E}.Debug|Any CPU.ActiveCfg = Debug|Any CPU
		{B1E39DD1-7F4E-42D2-A39B-E8F391387C3E}.Debug|Any CPU.Build.0 = Debug|Any CPU
		{B1E39DD1-7F4E-42D2-A39B-E8F391387C3E}.Release|Any CPU.ActiveCfg = Release|Any CPU
		{B1E39DD1-7F4E-42D2-A39B-E8F391387C3E}.Release|Any CPU.Build.0 = Release|Any CPU
		{C7215F69-7A79-4A94-8E40-7C524A4B6599}.Debug|Any CPU.ActiveCfg = Debug|Any CPU
		{C7215F69-7A79-4A94-8E40-7C524A4B6599}.Debug|Any CPU.Build.0 = Debug|Any CPU
		{C7215F69-7A79-4A94-8E40-7C524A4B6599}.Release|Any CPU.ActiveCfg = Release|Any CPU
		{C7215F69-7A79-4A94-8E40-7C524A4B6599}.Release|Any CPU.Build.0 = Release|Any CPU
		{D15F4C1D-5201-45F7-AD8F-CF00BB8BBE56}.Debug|Any CPU.ActiveCfg = Debug|Any CPU
		{D15F4C1D-5201-45F7-AD8F-CF00BB8BBE56}.Debug|Any CPU.Build.0 = Debug|Any CPU
		{D15F4C1D-5201-45F7-AD8F-CF00BB8BBE56}.Release|Any CPU.ActiveCfg = Release|Any CPU
		{D15F4C1D-5201-45F7-AD8F-CF00BB8BBE56}.Release|Any CPU.Build.0 = Release|Any CPU
		{46EB5DFA-0F37-4F27-AD3A-002802DE0C34}.Debug|Any CPU.ActiveCfg = Debug|Any CPU
		{46EB5DFA-0F37-4F27-AD3A-002802DE0C34}.Debug|Any CPU.Build.0 = Debug|Any CPU
		{46EB5DFA-0F37-4F27-AD3A-002802DE0C34}.Release|Any CPU.ActiveCfg = Release|Any CPU
		{46EB5DFA-0F37-4F27-AD3A-002802DE0C34}.Release|Any CPU.Build.0 = Release|Any CPU
		{981B1FBA-6CA8-4EE5-AC31-57FE5BF0FD8F}.Debug|Any CPU.ActiveCfg = Debug|Any CPU
		{981B1FBA-6CA8-4EE5-AC31-57FE5BF0FD8F}.Debug|Any CPU.Build.0 = Debug|Any CPU
		{981B1FBA-6CA8-4EE5-AC31-57FE5BF0FD8F}.Release|Any CPU.ActiveCfg = Release|Any CPU
		{981B1FBA-6CA8-4EE5-AC31-57FE5BF0FD8F}.Release|Any CPU.Build.0 = Release|Any CPU
		{4DF8231B-3880-499A-898D-BC69CC70FCD2}.Debug|Any CPU.ActiveCfg = Debug|Any CPU
		{4DF8231B-3880-499A-898D-BC69CC70FCD2}.Debug|Any CPU.Build.0 = Debug|Any CPU
		{4DF8231B-3880-499A-898D-BC69CC70FCD2}.Release|Any CPU.ActiveCfg = Release|Any CPU
		{4DF8231B-3880-499A-898D-BC69CC70FCD2}.Release|Any CPU.Build.0 = Release|Any CPU
		{526CF00A-5C7D-4C41-86DB-840FFA99E8F3}.Debug|Any CPU.ActiveCfg = Debug|Any CPU
		{526CF00A-5C7D-4C41-86DB-840FFA99E8F3}.Debug|Any CPU.Build.0 = Debug|Any CPU
		{526CF00A-5C7D-4C41-86DB-840FFA99E8F3}.Release|Any CPU.ActiveCfg = Release|Any CPU
		{526CF00A-5C7D-4C41-86DB-840FFA99E8F3}.Release|Any CPU.Build.0 = Release|Any CPU
		{14642BFB-52D3-43C6-9C24-905C92770D71}.Debug|Any CPU.ActiveCfg = Debug|Any CPU
		{14642BFB-52D3-43C6-9C24-905C92770D71}.Debug|Any CPU.Build.0 = Debug|Any CPU
		{14642BFB-52D3-43C6-9C24-905C92770D71}.Release|Any CPU.ActiveCfg = Release|Any CPU
		{14642BFB-52D3-43C6-9C24-905C92770D71}.Release|Any CPU.Build.0 = Release|Any CPU
		{B573A317-8C93-490C-AB87-78F09720DC9F}.Debug|Any CPU.ActiveCfg = Debug|Any CPU
		{B573A317-8C93-490C-AB87-78F09720DC9F}.Debug|Any CPU.Build.0 = Debug|Any CPU
		{B573A317-8C93-490C-AB87-78F09720DC9F}.Release|Any CPU.ActiveCfg = Release|Any CPU
		{B573A317-8C93-490C-AB87-78F09720DC9F}.Release|Any CPU.Build.0 = Release|Any CPU
		{D78F20DB-25F2-4629-8AF2-83E90F71B325}.Debug|Any CPU.ActiveCfg = Debug|Any CPU
		{D78F20DB-25F2-4629-8AF2-83E90F71B325}.Debug|Any CPU.Build.0 = Debug|Any CPU
		{D78F20DB-25F2-4629-8AF2-83E90F71B325}.Release|Any CPU.ActiveCfg = Release|Any CPU
		{D78F20DB-25F2-4629-8AF2-83E90F71B325}.Release|Any CPU.Build.0 = Release|Any CPU
		{4C98E007-7705-4BDB-8E3C-A12C07998511}.Debug|Any CPU.ActiveCfg = Debug|Any CPU
		{4C98E007-7705-4BDB-8E3C-A12C07998511}.Debug|Any CPU.Build.0 = Debug|Any CPU
		{4C98E007-7705-4BDB-8E3C-A12C07998511}.Release|Any CPU.ActiveCfg = Release|Any CPU
		{4C98E007-7705-4BDB-8E3C-A12C07998511}.Release|Any CPU.Build.0 = Release|Any CPU
		{5BED7E95-D3D3-4ADF-9F0D-5F5AA1A4D33E}.Debug|Any CPU.ActiveCfg = Debug|Any CPU
		{5BED7E95-D3D3-4ADF-9F0D-5F5AA1A4D33E}.Debug|Any CPU.Build.0 = Debug|Any CPU
		{5BED7E95-D3D3-4ADF-9F0D-5F5AA1A4D33E}.Release|Any CPU.ActiveCfg = Release|Any CPU
		{5BED7E95-D3D3-4ADF-9F0D-5F5AA1A4D33E}.Release|Any CPU.Build.0 = Release|Any CPU
		{683D22D9-E22A-4137-9D47-2BD0A371AAF8}.Debug|Any CPU.ActiveCfg = Debug|Any CPU
		{683D22D9-E22A-4137-9D47-2BD0A371AAF8}.Debug|Any CPU.Build.0 = Debug|Any CPU
		{683D22D9-E22A-4137-9D47-2BD0A371AAF8}.Release|Any CPU.ActiveCfg = Release|Any CPU
		{683D22D9-E22A-4137-9D47-2BD0A371AAF8}.Release|Any CPU.Build.0 = Release|Any CPU
		{4F5EDB16-E35D-46EA-97C1-FE69D403DEAD}.Debug|Any CPU.ActiveCfg = Debug|Any CPU
		{4F5EDB16-E35D-46EA-97C1-FE69D403DEAD}.Debug|Any CPU.Build.0 = Debug|Any CPU
		{4F5EDB16-E35D-46EA-97C1-FE69D403DEAD}.Release|Any CPU.ActiveCfg = Release|Any CPU
		{4F5EDB16-E35D-46EA-97C1-FE69D403DEAD}.Release|Any CPU.Build.0 = Release|Any CPU
		{5DF9178D-2B3F-463C-B2C6-EB8EAC60F4A9}.Debug|Any CPU.ActiveCfg = Debug|Any CPU
		{5DF9178D-2B3F-463C-B2C6-EB8EAC60F4A9}.Debug|Any CPU.Build.0 = Debug|Any CPU
		{5DF9178D-2B3F-463C-B2C6-EB8EAC60F4A9}.Release|Any CPU.ActiveCfg = Release|Any CPU
		{5DF9178D-2B3F-463C-B2C6-EB8EAC60F4A9}.Release|Any CPU.Build.0 = Release|Any CPU
		{169CE672-BC31-4BB9-A0D1-A5B8E6FB3A99}.Debug|Any CPU.ActiveCfg = Debug|Any CPU
		{169CE672-BC31-4BB9-A0D1-A5B8E6FB3A99}.Debug|Any CPU.Build.0 = Debug|Any CPU
		{169CE672-BC31-4BB9-A0D1-A5B8E6FB3A99}.Release|Any CPU.ActiveCfg = Release|Any CPU
		{169CE672-BC31-4BB9-A0D1-A5B8E6FB3A99}.Release|Any CPU.Build.0 = Release|Any CPU
		{85D2C2E4-83B2-44B9-85F0-288B33FD9995}.Debug|Any CPU.ActiveCfg = Debug|Any CPU
		{85D2C2E4-83B2-44B9-85F0-288B33FD9995}.Debug|Any CPU.Build.0 = Debug|Any CPU
		{85D2C2E4-83B2-44B9-85F0-288B33FD9995}.Release|Any CPU.ActiveCfg = Release|Any CPU
		{85D2C2E4-83B2-44B9-85F0-288B33FD9995}.Release|Any CPU.Build.0 = Release|Any CPU
		{2617E98E-A8AD-43E5-9B55-8AB1AE9613F3}.Debug|Any CPU.ActiveCfg = Debug|Any CPU
		{2617E98E-A8AD-43E5-9B55-8AB1AE9613F3}.Debug|Any CPU.Build.0 = Debug|Any CPU
		{2617E98E-A8AD-43E5-9B55-8AB1AE9613F3}.Release|Any CPU.ActiveCfg = Release|Any CPU
		{2617E98E-A8AD-43E5-9B55-8AB1AE9613F3}.Release|Any CPU.Build.0 = Release|Any CPU
		{460AF544-F9DB-429C-975B-BA9767173201}.Debug|Any CPU.ActiveCfg = Debug|Any CPU
		{460AF544-F9DB-429C-975B-BA9767173201}.Debug|Any CPU.Build.0 = Debug|Any CPU
		{460AF544-F9DB-429C-975B-BA9767173201}.Release|Any CPU.ActiveCfg = Release|Any CPU
		{460AF544-F9DB-429C-975B-BA9767173201}.Release|Any CPU.Build.0 = Release|Any CPU
		{940010BC-03BD-47E0-9A56-96EFEB73F289}.Debug|Any CPU.ActiveCfg = Debug|Any CPU
		{940010BC-03BD-47E0-9A56-96EFEB73F289}.Debug|Any CPU.Build.0 = Debug|Any CPU
		{940010BC-03BD-47E0-9A56-96EFEB73F289}.Release|Any CPU.ActiveCfg = Release|Any CPU
		{940010BC-03BD-47E0-9A56-96EFEB73F289}.Release|Any CPU.Build.0 = Release|Any CPU
		{F2370AED-A783-4523-AB7B-AA79FF2DE679}.Debug|Any CPU.ActiveCfg = Debug|Any CPU
		{F2370AED-A783-4523-AB7B-AA79FF2DE679}.Debug|Any CPU.Build.0 = Debug|Any CPU
		{F2370AED-A783-4523-AB7B-AA79FF2DE679}.Release|Any CPU.ActiveCfg = Release|Any CPU
		{F2370AED-A783-4523-AB7B-AA79FF2DE679}.Release|Any CPU.Build.0 = Release|Any CPU
		{3292E473-6ECE-4971-A8EE-3F95BA3BAC0C}.Debug|Any CPU.ActiveCfg = Debug|Any CPU
		{3292E473-6ECE-4971-A8EE-3F95BA3BAC0C}.Debug|Any CPU.Build.0 = Debug|Any CPU
		{3292E473-6ECE-4971-A8EE-3F95BA3BAC0C}.Release|Any CPU.ActiveCfg = Release|Any CPU
		{3292E473-6ECE-4971-A8EE-3F95BA3BAC0C}.Release|Any CPU.Build.0 = Release|Any CPU
		{61DE700D-2DF0-4E99-8D30-0F3614DA4F74}.Debug|Any CPU.ActiveCfg = Debug|Any CPU
		{61DE700D-2DF0-4E99-8D30-0F3614DA4F74}.Debug|Any CPU.Build.0 = Debug|Any CPU
		{61DE700D-2DF0-4E99-8D30-0F3614DA4F74}.Release|Any CPU.ActiveCfg = Release|Any CPU
		{61DE700D-2DF0-4E99-8D30-0F3614DA4F74}.Release|Any CPU.Build.0 = Release|Any CPU
		{B2416A5B-BC33-4725-839E-D946AED02D77}.Debug|Any CPU.ActiveCfg = Debug|Any CPU
		{B2416A5B-BC33-4725-839E-D946AED02D77}.Debug|Any CPU.Build.0 = Debug|Any CPU
		{B2416A5B-BC33-4725-839E-D946AED02D77}.Release|Any CPU.ActiveCfg = Release|Any CPU
		{B2416A5B-BC33-4725-839E-D946AED02D77}.Release|Any CPU.Build.0 = Release|Any CPU
	EndGlobalSection
	GlobalSection(SolutionProperties) = preSolution
		HideSolutionNode = FALSE
	EndGlobalSection
	GlobalSection(NestedProjects) = preSolution
		{382CBECC-543F-4A0A-B090-19CFA238B861} = {B98AF4E1-E602-4024-A951-C7D1BA0E10B0}
		{E6B04141-7134-470D-9FA1-459A9BDB14D4} = {B98AF4E1-E602-4024-A951-C7D1BA0E10B0}
		{35AB3203-71F5-4556-8DE1-663B7F6A69F1} = {B98AF4E1-E602-4024-A951-C7D1BA0E10B0}
		{B1E39DD1-7F4E-42D2-A39B-E8F391387C3E} = {C19FA734-A437-44AF-9C38-6CB8581308AE}
		{C7215F69-7A79-4A94-8E40-7C524A4B6599} = {C19FA734-A437-44AF-9C38-6CB8581308AE}
		{D15F4C1D-5201-45F7-AD8F-CF00BB8BBE56} = {C19FA734-A437-44AF-9C38-6CB8581308AE}
		{46EB5DFA-0F37-4F27-AD3A-002802DE0C34} = {B997B088-2A5C-4B06-9D0E-E447F0493D37}
		{981B1FBA-6CA8-4EE5-AC31-57FE5BF0FD8F} = {B997B088-2A5C-4B06-9D0E-E447F0493D37}
		{4DF8231B-3880-499A-898D-BC69CC70FCD2} = {B997B088-2A5C-4B06-9D0E-E447F0493D37}
		{526CF00A-5C7D-4C41-86DB-840FFA99E8F3} = {995D7396-2FD6-49C2-AE3C-46286C80C91E}
		{14642BFB-52D3-43C6-9C24-905C92770D71} = {995D7396-2FD6-49C2-AE3C-46286C80C91E}
		{B573A317-8C93-490C-AB87-78F09720DC9F} = {995D7396-2FD6-49C2-AE3C-46286C80C91E}
		{D78F20DB-25F2-4629-8AF2-83E90F71B325} = {BBD4BDA8-60B0-4B85-A351-BBC976EE72D3}
		{4C98E007-7705-4BDB-8E3C-A12C07998511} = {BBD4BDA8-60B0-4B85-A351-BBC976EE72D3}
		{5BED7E95-D3D3-4ADF-9F0D-5F5AA1A4D33E} = {BBD4BDA8-60B0-4B85-A351-BBC976EE72D3}
		{683D22D9-E22A-4137-9D47-2BD0A371AAF8} = {C3928BB4-783F-4120-B1F4-08C9DC8A27BE}
		{4F5EDB16-E35D-46EA-97C1-FE69D403DEAD} = {C3928BB4-783F-4120-B1F4-08C9DC8A27BE}
		{5DF9178D-2B3F-463C-B2C6-EB8EAC60F4A9} = {C3928BB4-783F-4120-B1F4-08C9DC8A27BE}
		{169CE672-BC31-4BB9-A0D1-A5B8E6FB3A99} = {21BA9571-5539-4014-91C0-C3EFA097FD35}
		{85D2C2E4-83B2-44B9-85F0-288B33FD9995} = {21BA9571-5539-4014-91C0-C3EFA097FD35}
		{2617E98E-A8AD-43E5-9B55-8AB1AE9613F3} = {21BA9571-5539-4014-91C0-C3EFA097FD35}
		{460AF544-F9DB-429C-975B-BA9767173201} = {61518A73-AC30-4F56-8A14-D7D3E3A5016B}
		{940010BC-03BD-47E0-9A56-96EFEB73F289} = {61518A73-AC30-4F56-8A14-D7D3E3A5016B}
		{F2370AED-A783-4523-AB7B-AA79FF2DE679} = {61518A73-AC30-4F56-8A14-D7D3E3A5016B}
		{3292E473-6ECE-4971-A8EE-3F95BA3BAC0C} = {7CA7281C-0A1C-443E-9884-1616DCA13604}
		{61DE700D-2DF0-4E99-8D30-0F3614DA4F74} = {7CA7281C-0A1C-443E-9884-1616DCA13604}
		{B2416A5B-BC33-4725-839E-D946AED02D77} = {7CA7281C-0A1C-443E-9884-1616DCA13604}
	EndGlobalSection
	GlobalSection(ExtensibilityGlobals) = postSolution
		SolutionGuid = {FA557DA4-393A-42ED-A868-718E16401F3F}
	EndGlobalSection
EndGlobal
